
Microsoft Visual Studio Solution File, Format Version 12.00
Project("{FAE04EC0-301F-11D3-BF4B-00C04F79EFBC}") = "HelloWorld", "HelloWorld\HelloWorld.csproj", "{60A3515A-EFB1-46E9-8A51-87D472260B80}"
EndProject
Project("{FAE04EC0-301F-11D3-BF4B-00C04F79EFBC}") = "PrimitiveTypesAndExpressions", "PrimitiveTypesAndExpressions\PrimitiveTypesAndExpressions.csproj", "{274B6B26-E40F-4261-8851-80BC8E42635D}"
EndProject
Global
	GlobalSection(SolutionConfigurationPlatforms) = preSolution
		Debug|Any CPU = Debug|Any CPU
		Release|Any CPU = Release|Any CPU
	EndGlobalSection
	GlobalSection(ProjectConfigurationPlatforms) = postSolution
		{60A3515A-EFB1-46E9-8A51-87D472260B80}.Debug|Any CPU.ActiveCfg = Debug|Any CPU
		{60A3515A-EFB1-46E9-8A51-87D472260B80}.Debug|Any CPU.Build.0 = Debug|Any CPU
		{60A3515A-EFB1-46E9-8A51-87D472260B80}.Release|Any CPU.ActiveCfg = Release|Any CPU
		{60A3515A-EFB1-46E9-8A51-87D472260B80}.Release|Any CPU.Build.0 = Release|Any CPU
		{274B6B26-E40F-4261-8851-80BC8E42635D}.Debug|Any CPU.ActiveCfg = Debug|Any CPU
		{274B6B26-E40F-4261-8851-80BC8E42635D}.Debug|Any CPU.Build.0 = Debug|Any CPU
		{274B6B26-E40F-4261-8851-80BC8E42635D}.Release|Any CPU.ActiveCfg = Release|Any CPU
		{274B6B26-E40F-4261-8851-80BC8E42635D}.Release|Any CPU.Build.0 = Release|Any CPU
	EndGlobalSection
EndGlobal
