
Microsoft Visual Studio Solution File, Format Version 12.00
Project("{FAE04EC0-301F-11D3-BF4B-00C04F79EFBC}") = "HelloWorld", "HelloWorld\HelloWorld.csproj", "{60A3515A-EFB1-46E9-8A51-87D472260B80}"
EndProject
Project("{FAE04EC0-301F-11D3-BF4B-00C04F79EFBC}") = "PrimitiveTypesAndExpressions", "PrimitiveTypesAndExpressions\PrimitiveTypesAndExpressions.csproj", "{274B6B26-E40F-4261-8851-80BC8E42635D}"
EndProject
Project("{FAE04EC0-301F-11D3-BF4B-00C04F79EFBC}") = "NonPremitiveTypes", "NonPremitiveTypes\NonPremitiveTypes.csproj", "{731A712B-65CC-4930-B657-E34216C88A81}"
EndProject
Project("{FAE04EC0-301F-11D3-BF4B-00C04F79EFBC}") = "ControlFlow", "ControlFlow\ControlFlow.csproj", "{5CD3BAEF-A0BC-4561-83E4-B6376C390C37}"
EndProject
Project("{FAE04EC0-301F-11D3-BF4B-00C04F79EFBC}") = "ArraysAndLists", "ArraysAndLists\ArraysAndLists.csproj", "{1E7C48E3-58E3-480B-A8E4-F63D777E24A6}"
EndProject
Project("{FAE04EC0-301F-11D3-BF4B-00C04F79EFBC}") = "WorkingWithDates", "WorkingWithDates\WorkingWithDates.csproj", "{7178AC69-3DFC-4273-9BDA-66B2A5A36911}"
EndProject
Global
	GlobalSection(SolutionConfigurationPlatforms) = preSolution
		Debug|Any CPU = Debug|Any CPU
		Release|Any CPU = Release|Any CPU
	EndGlobalSection
	GlobalSection(ProjectConfigurationPlatforms) = postSolution
		{60A3515A-EFB1-46E9-8A51-87D472260B80}.Debug|Any CPU.ActiveCfg = Debug|Any CPU
		{60A3515A-EFB1-46E9-8A51-87D472260B80}.Debug|Any CPU.Build.0 = Debug|Any CPU
		{60A3515A-EFB1-46E9-8A51-87D472260B80}.Release|Any CPU.ActiveCfg = Release|Any CPU
		{60A3515A-EFB1-46E9-8A51-87D472260B80}.Release|Any CPU.Build.0 = Release|Any CPU
		{274B6B26-E40F-4261-8851-80BC8E42635D}.Debug|Any CPU.ActiveCfg = Debug|Any CPU
		{274B6B26-E40F-4261-8851-80BC8E42635D}.Debug|Any CPU.Build.0 = Debug|Any CPU
		{274B6B26-E40F-4261-8851-80BC8E42635D}.Release|Any CPU.ActiveCfg = Release|Any CPU
		{274B6B26-E40F-4261-8851-80BC8E42635D}.Release|Any CPU.Build.0 = Release|Any CPU
		{731A712B-65CC-4930-B657-E34216C88A81}.Debug|Any CPU.ActiveCfg = Debug|Any CPU
		{731A712B-65CC-4930-B657-E34216C88A81}.Debug|Any CPU.Build.0 = Debug|Any CPU
		{731A712B-65CC-4930-B657-E34216C88A81}.Release|Any CPU.ActiveCfg = Release|Any CPU
		{731A712B-65CC-4930-B657-E34216C88A81}.Release|Any CPU.Build.0 = Release|Any CPU
		{5CD3BAEF-A0BC-4561-83E4-B6376C390C37}.Debug|Any CPU.ActiveCfg = Debug|Any CPU
		{5CD3BAEF-A0BC-4561-83E4-B6376C390C37}.Debug|Any CPU.Build.0 = Debug|Any CPU
		{5CD3BAEF-A0BC-4561-83E4-B6376C390C37}.Release|Any CPU.ActiveCfg = Release|Any CPU
		{5CD3BAEF-A0BC-4561-83E4-B6376C390C37}.Release|Any CPU.Build.0 = Release|Any CPU
		{1E7C48E3-58E3-480B-A8E4-F63D777E24A6}.Debug|Any CPU.ActiveCfg = Debug|Any CPU
		{1E7C48E3-58E3-480B-A8E4-F63D777E24A6}.Debug|Any CPU.Build.0 = Debug|Any CPU
		{1E7C48E3-58E3-480B-A8E4-F63D777E24A6}.Release|Any CPU.ActiveCfg = Release|Any CPU
		{1E7C48E3-58E3-480B-A8E4-F63D777E24A6}.Release|Any CPU.Build.0 = Release|Any CPU
		{7178AC69-3DFC-4273-9BDA-66B2A5A36911}.Debug|Any CPU.ActiveCfg = Debug|Any CPU
		{7178AC69-3DFC-4273-9BDA-66B2A5A36911}.Debug|Any CPU.Build.0 = Debug|Any CPU
		{7178AC69-3DFC-4273-9BDA-66B2A5A36911}.Release|Any CPU.ActiveCfg = Release|Any CPU
		{7178AC69-3DFC-4273-9BDA-66B2A5A36911}.Release|Any CPU.Build.0 = Release|Any CPU
	EndGlobalSection
EndGlobal
